PODS:
  - Nimble (8.0.1)
  - Quick (1.3.4)
  - SwiftyJSON (5.0.0)

DEPENDENCIES:
  - Nimble (~> 8.0)
  - Quick (~> 1.0)
  - SwiftyJSON (~> 5.0)

SPEC REPOS:
  https://github.com/cocoapods/specs.git:
    - Nimble
    - Quick
    - SwiftyJSON

SPEC CHECKSUMS:
  Nimble: 45f786ae66faa9a709624227fae502db55a8bdd0
  Quick: f4f7f063c524394c73ed93ac70983c609805d481
  SwiftyJSON: 36413e04c44ee145039d332b4f4e2d3e8d6c4db7

PODFILE CHECKSUM: 33e70787ae17f0f2c4b1dd63796c169d8ad0171e

COCOAPODS: 1.6.1
